# THIS IS AN AUTOGENERATED FILE. DO NOT EDIT THIS FILE DIRECTLY.
# yarn lockfile v1


angular-recaptcha@^4.2.0:
  version "4.2.0"
  resolved "https://registry.yarnpkg.com/angular-recaptcha/-/angular-recaptcha-4.2.0.tgz#3533802ae0d43ac9fedd5f6104e9dbf3c10588a7"
  integrity sha512-PZ4VsUiNKNqaGqCpTAEwyAWUNF0w7xFulMf3ajJVym7bidxPEi5py1jQdxj4LFIWUxoA7XPan4sJMK4UeB8Srg==
